// !$*UTF8*$!
{
	archiveVersion = 1;
	classes = {
	};
	objectVersion = 46;
	objects = {

/* Begin PBXBuildFile section */
		A831D6851E952F8C00B5A4A4 /* AppDelegate.swift in Sources */ = {isa = PBXBuildFile; fileRef = A831D6841E952F8C00B5A4A4 /* AppDelegate.swift */; };
		A831D68A1E952F8C00B5A4A4 /* Main.storyboard in Resources */ = {isa = PBXBuildFile; fileRef = A831D6881E952F8C00B5A4A4 /* Main.storyboard */; };
		A831D68C1E952F8C00B5A4A4 /* Assets.xcassets in Resources */ = {isa = PBXBuildFile; fileRef = A831D68B1E952F8C00B5A4A4 /* Assets.xcassets */; };
		A831D68F1E952F8C00B5A4A4 /* LaunchScreen.storyboard in Resources */ = {isa = PBXBuildFile; fileRef = A831D68D1E952F8C00B5A4A4 /* LaunchScreen.storyboard */; };
		A831D6971E96A6B600B5A4A4 /* ConversionViewController.swift in Sources */ = {isa = PBXBuildFile; fileRef = A831D6961E96A6B600B5A4A4 /* ConversionViewController.swift */; };
		A831D6991E991DD400B5A4A4 /* MapKit.framework in Frameworks */ = {isa = PBXBuildFile; fileRef = A831D6981E991DD400B5A4A4 /* MapKit.framework */; };
		A831D69B1E9A8C5E00B5A4A4 /* MapViewController.swift in Sources */ = {isa = PBXBuildFile; fileRef = A831D69A1E9A8C5D00B5A4A4 /* MapViewController.swift */; };
		A83D7F341E9E6F5B00349A41 /* WebNerdRanchViewController.swift in Sources */ = {isa = PBXBuildFile; fileRef = A83D7F331E9E6F5B00349A41 /* WebNerdRanchViewController.swift */; };
		A858523F1EA519E900753D59 /* Localizable.strings in Resources */ = {isa = PBXBuildFile; fileRef = A85852411EA519E900753D59 /* Localizable.strings */; };
/* End PBXBuildFile section */

/* Begin PBXFileReference section */
		A831D6811E952F8C00B5A4A4 /* WorldTrotter.app */ = {isa = PBXFileReference; explicitFileType = wrapper.application; includeInIndex = 0; path = WorldTrotter.app; sourceTree = BUILT_PRODUCTS_DIR; };
		A831D6841E952F8C00B5A4A4 /* AppDelegate.swift */ = {isa = PBXFileReference; lastKnownFileType = sourcecode.swift; path = AppDelegate.swift; sourceTree = "<group>"; };
		A831D6891E952F8C00B5A4A4 /* Base */ = {isa = PBXFileReference; lastKnownFileType = file.storyboard; name = Base; path = Base.lproj/Main.storyboard; sourceTree = "<group>"; };
		A831D68B1E952F8C00B5A4A4 /* Assets.xcassets */ = {isa = PBXFileReference; lastKnownFileType = folder.assetcatalog; path = Assets.xcassets; sourceTree = "<group>"; };
		A831D68E1E952F8C00B5A4A4 /* Base */ = {isa = PBXFileReference; lastKnownFileType = file.storyboard; name = Base; path = Base.lproj/LaunchScreen.storyboard; sourceTree = "<group>"; };
		A831D6901E952F8C00B5A4A4 /* Info.plist */ = {isa = PBXFileReference; lastKnownFileType = text.plist.xml; path = Info.plist; sourceTree = "<group>"; };
		A831D6961E96A6B600B5A4A4 /* ConversionViewController.swift */ = {isa = PBXFileReference; fileEncoding = 4; lastKnownFileType = sourcecode.swift; path = ConversionViewController.swift; sourceTree = "<group>"; };
		A831D6981E991DD400B5A4A4 /* MapKit.framework */ = {isa = PBXFileReference; lastKnownFileType = wrapper.framework; name = MapKit.framework; path = System/Library/Frameworks/MapKit.framework; sourceTree = SDKROOT; };
		A831D69A1E9A8C5D00B5A4A4 /* MapViewController.swift */ = {isa = PBXFileReference; fileEncoding = 4; lastKnownFileType = sourcecode.swift; path = MapViewController.swift; sourceTree = "<group>"; };
		A83D7F331E9E6F5B00349A41 /* WebNerdRanchViewController.swift */ = {isa = PBXFileReference; fileEncoding = 4; lastKnownFileType = sourcecode.swift; path = WebNerdRanchViewController.swift; sourceTree = "<group>"; };
		A83D7F351E9E7E5F00349A41 /* Emoji.ttf */ = {isa = PBXFileReference; lastKnownFileType = file; name = Emoji.ttf; path = WorldTrotter/Emoji.ttf; sourceTree = "<group>"; };
		A85852401EA519E900753D59 /* Base */ = {isa = PBXFileReference; lastKnownFileType = text.plist.strings; name = Base; path = Base.lproj/Localizable.strings; sourceTree = "<group>"; };
		A85852421EA519F600753D59 /* en */ = {isa = PBXFileReference; lastKnownFileType = text.plist.strings; name = en; path = en.lproj/Localizable.strings; sourceTree = "<group>"; };
		A85852431EA519FA00753D59 /* es */ = {isa = PBXFileReference; lastKnownFileType = text.plist.strings; name = es; path = es.lproj/Localizable.strings; sourceTree = "<group>"; };
		A8C864221EA50C2F00913146 /* en */ = {isa = PBXFileReference; lastKnownFileType = text.plist.strings; name = en; path = en.lproj/Main.strings; sourceTree = "<group>"; };
		A8C864231EA5157400913146 /* es */ = {isa = PBXFileReference; lastKnownFileType = text.plist.strings; name = es; path = es.lproj/Main.strings; sourceTree = "<group>"; };
		A8E755621EA6578900072ADD /* ru */ = {isa = PBXFileReference; lastKnownFileType = text.plist.strings; name = ru; path = ru.lproj/Main.strings; sourceTree = "<group>"; };
		A8E755631EA6578900072ADD /* ru */ = {isa = PBXFileReference; lastKnownFileType = text.plist.strings; name = ru; path = ru.lproj/Localizable.strings; sourceTree = "<group>"; };
/* End PBXFileReference section */

/* Begin PBXFrameworksBuildPhase section */
		A831D67E1E952F8B00B5A4A4 /* Frameworks */ = {
			isa = PBXFrameworksBuildPhase;
			buildActionMask = 2147483647;
			files = (
				A831D6991E991DD400B5A4A4 /* MapKit.framework in Frameworks */,
			);
			runOnlyForDeploymentPostprocessing = 0;
		};
/* End PBXFrameworksBuildPhase section */

/* Begin PBXGroup section */
		A831D6781E952F8B00B5A4A4 = {
			isa = PBXGroup;
			children = (
				A83D7F371E9E7E7600349A41 /* Resources */,
				A831D6981E991DD400B5A4A4 /* MapKit.framework */,
				A831D6831E952F8C00B5A4A4 /* WorldTrotter */,
				A831D6821E952F8C00B5A4A4 /* Products */,
			);
			sourceTree = "<group>";
		};
		A831D6821E952F8C00B5A4A4 /* Products */ = {
			isa = PBXGroup;
			children = (
				A831D6811E952F8C00B5A4A4 /* WorldTrotter.app */,
			);
			name = Products;
			sourceTree = "<group>";
		};
		A831D6831E952F8C00B5A4A4 /* WorldTrotter */ = {
			isa = PBXGroup;
			children = (
				A831D6841E952F8C00B5A4A4 /* AppDelegate.swift */,
				A831D6881E952F8C00B5A4A4 /* Main.storyboard */,
				A831D6961E96A6B600B5A4A4 /* ConversionViewController.swift */,
				A831D68B1E952F8C00B5A4A4 /* Assets.xcassets */,
				A831D69A1E9A8C5D00B5A4A4 /* MapViewController.swift */,
				A85852411EA519E900753D59 /* Localizable.strings */,
				A831D68D1E952F8C00B5A4A4 /* LaunchScreen.storyboard */,
				A831D6901E952F8C00B5A4A4 /* Info.plist */,
				A83D7F331E9E6F5B00349A41 /* WebNerdRanchViewController.swift */,
			);
			path = WorldTrotter;
			sourceTree = "<group>";
		};
		A83D7F371E9E7E7600349A41 /* Resources */ = {
			isa = PBXGroup;
			children = (
				A83D7F351E9E7E5F00349A41 /* Emoji.ttf */,
			);
			name = Resources;
			sourceTree = "<group>";
		};
/* End PBXGroup section */

/* Begin PBXNativeTarget section */
		A831D6801E952F8B00B5A4A4 /* WorldTrotter */ = {
			isa = PBXNativeTarget;
			buildConfigurationList = A831D6931E952F8C00B5A4A4 /* Build configuration list for PBXNativeTarget "WorldTrotter" */;
			buildPhases = (
				A831D67D1E952F8B00B5A4A4 /* Sources */,
				A831D67E1E952F8B00B5A4A4 /* Frameworks */,
				A831D67F1E952F8B00B5A4A4 /* Resources */,
			);
			buildRules = (
			);
			dependencies = (
			);
			name = WorldTrotter;
			productName = WorldTrotter;
			productReference = A831D6811E952F8C00B5A4A4 /* WorldTrotter.app */;
			productType = "com.apple.product-type.application";
		};
/* End PBXNativeTarget section */

/* Begin PBXProject section */
		A831D6791E952F8B00B5A4A4 /* Project object */ = {
			isa = PBXProject;
			attributes = {
				LastSwiftUpdateCheck = 0730;
				LastUpgradeCheck = 0730;
				ORGANIZATIONNAME = "Pankova Mariya";
				TargetAttributes = {
					A831D6801E952F8B00B5A4A4 = {
						CreatedOnToolsVersion = 7.3.1;
						LastSwiftMigration = 0830;
					};
				};
			};
			buildConfigurationList = A831D67C1E952F8B00B5A4A4 /* Build configuration list for PBXProject "WorldTrotter" */;
			compatibilityVersion = "Xcode 3.2";
			developmentRegion = English;
			hasScannedForEncodings = 0;
			knownRegions = (
				en,
				Base,
				es,
				ru,
			);
			mainGroup = A831D6781E952F8B00B5A4A4;
			productRefGroup = A831D6821E952F8C00B5A4A4 /* Products */;
			projectDirPath = "";
			projectRoot = "";
			targets = (
				A831D6801E952F8B00B5A4A4 /* WorldTrotter */,
			);
		};
/* End PBXProject section */

/* Begin PBXResourcesBuildPhase section */
		A831D67F1E952F8B00B5A4A4 /* Resources */ = {
			isa = PBXResourcesBuildPhase;
			buildActionMask = 2147483647;
			files = (
				A858523F1EA519E900753D59 /* Localizable.strings in Resources */,
				A831D68F1E952F8C00B5A4A4 /* LaunchScreen.storyboard in Resources */,
				A831D68C1E952F8C00B5A4A4 /* Assets.xcassets in Resources */,
				A831D68A1E952F8C00B5A4A4 /* Main.storyboard in Resources */,
			);
			runOnlyForDeploymentPostprocessing = 0;
		};
/* End PBXResourcesBuildPhase section */

/* Begin PBXSourcesBuildPhase section */
		A831D67D1E952F8B00B5A4A4 /* Sources */ = {
			isa = PBXSourcesBuildPhase;
			buildActionMask = 2147483647;
			files = (
				A831D6971E96A6B600B5A4A4 /* ConversionViewController.swift in Sources */,
				A831D69B1E9A8C5E00B5A4A4 /* MapViewController.swift in Sources */,
				A83D7F341E9E6F5B00349A41 /* WebNerdRanchViewController.swift in Sources */,
				A831D6851E952F8C00B5A4A4 /* AppDelegate.swift in Sources */,
			);
			runOnlyForDeploymentPostprocessing = 0;
		};
/* End PBXSourcesBuildPhase section */

/* Begin PBXVariantGroup section */
		A831D6881E952F8C00B5A4A4 /* Main.storyboard */ = {
			isa = PBXVariantGroup;
			children = (
				A831D6891E952F8C00B5A4A4 /* Base */,
				A8C864221EA50C2F00913146 /* en */,
				A8C864231EA5157400913146 /* es */,
				A8E755621EA6578900072ADD /* ru */,
			);
			name = Main.storyboard;
			sourceTree = "<group>";
		};
		A831D68D1E952F8C00B5A4A4 /* LaunchScreen.storyboard */ = {
			isa = PBXVariantGroup;
			children = (
				A831D68E1E952F8C00B5A4A4 /* Base */,
			);
			name = LaunchScreen.storyboard;
			sourceTree = "<group>";
		};
		A85852411EA519E900753D59 /* Localizable.strings */ = {
			isa = PBXVariantGroup;
			children = (
				A85852401EA519E900753D59 /* Base */,
				A85852421EA519F600753D59 /* en */,
				A85852431EA519FA00753D59 /* es */,
				A8E755631EA6578900072ADD /* ru */,
			);
			name = Localizable.strings;
			sourceTree = "<group>";
		};
/* End PBXVariantGroup section */

/* Begin XCBuildConfiguration section */
		A831D6911E952F8C00B5A4A4 /* Debug */ = {
			isa = XCBuildConfiguration;
			buildSettings = {
				ALWAYS_SEARCH_USER_PATHS = NO;
				CLANG_ANALYZER_NONNULL = YES;
				CLANG_CXX_LANGUAGE_STANDARD = "gnu++0x";
				CLANG_CXX_LIBRARY = "libc++";
				CLANG_ENABLE_MODULES = YES;
				CLANG_ENABLE_OBJC_ARC = YES;
				CLANG_WARN_BOOL_CONVERSION = YES;
				CLANG_WARN_CONSTANT_CONVERSION = YES;
				CLANG_WARN_DIRECT_OBJC_ISA_USAGE = YES_ERROR;
				CLANG_WARN_EMPTY_BODY = YES;
				CLANG_WARN_ENUM_CONVERSION = YES;
				CLANG_WARN_INT_CONVERSION = YES;
				CLANG_WARN_OBJC_ROOT_CLASS = YES_ERROR;
				CLANG_WARN_UNREACHABLE_CODE = YES;
				CLANG_WARN__DUPLICATE_METHOD_MATCH = YES;
				"CODE_SIGN_IDENTITY[sdk=iphoneos*]" = "iPhone Developer";
				COPY_PHASE_STRIP = NO;
				DEBUG_INFORMATION_FORMAT = dwarf;
				ENABLE_STRICT_OBJC_MSGSEND = YES;
				ENABLE_TESTABILITY = YES;
				GCC_C_LANGUAGE_STANDARD = gnu99;
				GCC_DYNAMIC_NO_PIC = NO;
				GCC_NO_COMMON_BLOCKS = YES;
				GCC_OPTIMIZATION_LEVEL = 0;
				GCC_PREPROCESSOR_DEFINITIONS = (
					"DEBUG=1",
					"$(inherited)",
				);
				GCC_WARN_64_TO_32_BIT_CONVERSION = YES;
				GCC_WARN_ABOUT_RETURN_TYPE = YES_ERROR;
				GCC_WARN_UNDECLARED_SELECTOR = YES;
				GCC_WARN_UNINITIALIZED_AUTOS = YES_AGGRESSIVE;
				GCC_WARN_UNUSED_FUNCTION = YES;
				GCC_WARN_UNUSED_VARIABLE = YES;
				IPHONEOS_DEPLOYMENT_TARGET = 9.3;
				MTL_ENABLE_DEBUG_INFO = YES;
				ONLY_ACTIVE_ARCH = YES;
				SDKROOT = iphoneos;
				SWIFT_OPTIMIZATION_LEVEL = "-Onone";
			};
			name = Debug;
		};
		A831D6921E952F8C00B5A4A4 /* Release */ = {
			isa = XCBuildConfiguration;
			buildSettings = {
				ALWAYS_SEARCH_USER_PATHS = NO;
				CLANG_ANALYZER_NONNULL = YES;
				CLANG_CXX_LANGUAGE_STANDARD = "gnu++0x";
				CLANG_CXX_LIBRARY = "libc++";
				CLANG_ENABLE_MODULES = YES;
				CLANG_ENABLE_OBJC_ARC = YES;
				CLANG_WARN_BOOL_CONVERSION = YES;
				CLANG_WARN_CONSTANT_CONVERSION = YES;
				CLANG_WARN_DIRECT_OBJC_ISA_USAGE = YES_ERROR;
				CLANG_WARN_EMPTY_BODY = YES;
				CLANG_WARN_ENUM_CONVERSION = YES;
				CLANG_WARN_INT_CONVERSION = YES;
				CLANG_WARN_OBJC_ROOT_CLASS = YES_ERROR;
				CLANG_WARN_UNREACHABLE_CODE = YES;
				CLANG_WARN__DUPLICATE_METHOD_MATCH = YES;
				"CODE_SIGN_IDENTITY[sdk=iphoneos*]" = "iPhone Developer";
				COPY_PHASE_STRIP = NO;
				DEBUG_INFORMATION_FORMAT = "dwarf-with-dsym";
				ENABLE_NS_ASSERTIONS = NO;
				ENABLE_STRICT_OBJC_MSGSEND = YES;
				GCC_C_LANGUAGE_STANDARD = gnu99;
				GCC_NO_COMMON_BLOCKS = YES;
				GCC_WARN_64_TO_32_BIT_CONVERSION = YES;
				GCC_WARN_ABOUT_RETURN_TYPE = YES_ERROR;
				GCC_WARN_UNDECLARED_SELECTOR = YES;
				GCC_WARN_UNINITIALIZED_AUTOS = YES_AGGRESSIVE;
				GCC_WARN_UNUSED_FUNCTION = YES;
				GCC_WARN_UNUSED_VARIABLE = YES;
				IPHONEOS_DEPLOYMENT_TARGET = 9.3;
				MTL_ENABLE_DEBUG_INFO = NO;
				SDKROOT = iphoneos;
				VALIDATE_PRODUCT = YES;
			};
			name = Release;
		};
		A831D6941E952F8C00B5A4A4 /* Debug */ = {
			isa = XCBuildConfiguration;
			buildSettings = {
				ASSETCATALOG_COMPILER_APPICON_NAME = AppIcon;
				INFOPLIST_FILE = WorldTrotter/Info.plist;
				LD_RUNPATH_SEARCH_PATHS = "$(inherited) @executable_path/Frameworks";
				PRODUCT_BUNDLE_IDENTIFIER = com.organizationname.WorldTrotter;
				PRODUCT_NAME = "$(TARGET_NAME)";
				SWIFT_VERSION = 3.0;
			};
			name = Debug;
		};
		A831D6951E952F8C00B5A4A4 /* Release */ = {
			isa = XCBuildConfiguration;
			buildSettings = {
				ASSETCATALOG_COMPILER_APPICON_NAME = AppIcon;
				INFOPLIST_FILE = WorldTrotter/Info.plist;
				LD_RUNPATH_SEARCH_PATHS = "$(inherited) @executable_path/Frameworks";
				PRODUCT_BUNDLE_IDENTIFIER = com.organizationname.WorldTrotter;
				PRODUCT_NAME = "$(TARGET_NAME)";
				SWIFT_VERSION = 3.0;
			};
			name = Release;
		};
/* End XCBuildConfiguration section */

/* Begin XCConfigurationList section */
		A831D67C1E952F8B00B5A4A4 /* Build configuration list for PBXProject "WorldTrotter" */ = {
			isa = XCConfigurationList;
			buildConfigurations = (
				A831D6911E952F8C00B5A4A4 /* Debug */,
				A831D6921E952F8C00B5A4A4 /* Release */,
			);
			defaultConfigurationIsVisible = 0;
			defaultConfigurationName = Release;
		};
		A831D6931E952F8C00B5A4A4 /* Build configuration list for PBXNativeTarget "WorldTrotter" */ = {
			isa = XCConfigurationList;
			buildConfigurations = (
				A831D6941E952F8C00B5A4A4 /* Debug */,
				A831D6951E952F8C00B5A4A4 /* Release */,
			);
			defaultConfigurationIsVisible = 0;
			defaultConfigurationName = Release;
		};
/* End XCConfigurationList section */
	};
	rootObject = A831D6791E952F8B00B5A4A4 /* Project object */;
}
